Microsoft Visual Studio Solution File, Format Version 12.00
# Visual Studio Version 17
VisualStudioVersion = 17.5.2.0
MinimumVisualStudioVersion = 10.0.40219.1
Project("{FAE04EC0-301F-11D3-BF4B-00C04F79EFBC}") = "GITHUB-COPILOT", "GITHUB-COPILOT.csproj", "{8556F6F2-12B0-794D-C859-B1808E452E85}"
EndProject
Global
	GlobalSection(SolutionConfigurationPlatforms) = preSolution
		Debug|Any CPU = Debug|Any CPU
		Release|Any CPU = Release|Any CPU
	EndGlobalSection
	GlobalSection(ProjectConfigurationPlatforms) = postSolution
		{8556F6F2-12B0-794D-C859-B1808E452E85}.Debug|Any CPU.ActiveCfg = Debug|Any CPU
		{8556F6F2-12B0-794D-C859-B1808E452E85}.Debug|Any CPU.Build.0 = Debug|Any CPU
		{8556F6F2-12B0-794D-C859-B1808E452E85}.Release|Any CPU.ActiveCfg = Release|Any CPU
		{8556F6F2-12B0-794D-C859-B1808E452E85}.Release|Any CPU.Build.0 = Release|Any CPU
	EndGlobalSection
	GlobalSection(SolutionProperties) = preSolution
		HideSolutionNode = FALSE
	EndGlobalSection
	GlobalSection(ExtensibilityGlobals) = postSolution
		SolutionGuid = {10B39DDA-3C26-4B72-A11D-76AFBDF74BF4}
	EndGlobalSection
EndGlobal
